
Microsoft Visual Studio Solution File, Format Version 12.00
# Visual Studio Version 16
VisualStudioVersion = 16.0.30611.23
MinimumVisualStudioVersion = 10.0.40219.1
Project("{FAE04EC0-301F-11D3-BF4B-00C04F79EFBC}") = "projekt_hrastnik", "projekt_hrastnik\projekt_hrastnik.csproj", "{CCDAA753-D6CD-4747-AFF6-2AE46BF18CCC}"
EndProject
Global
	GlobalSection(SolutionConfigurationPlatforms) = preSolution
		Debug|Any CPU = Debug|Any CPU
		Release|Any CPU = Release|Any CPU
	EndGlobalSection
	GlobalSection(ProjectConfigurationPlatforms) = postSolution
		{CCDAA753-D6CD-4747-AFF6-2AE46BF18CCC}.Debug|Any CPU.ActiveCfg = Debug|Any CPU
		{CCDAA753-D6CD-4747-AFF6-2AE46BF18CCC}.Debug|Any CPU.Build.0 = Debug|Any CPU
		{CCDAA753-D6CD-4747-AFF6-2AE46BF18CCC}.Release|Any CPU.ActiveCfg = Release|Any CPU
		{CCDAA753-D6CD-4747-AFF6-2AE46BF18CCC}.Release|Any CPU.Build.0 = Release|Any CPU
	EndGlobalSection
	GlobalSection(SolutionProperties) = preSolution
		HideSolutionNode = FALSE
	EndGlobalSection
	GlobalSection(ExtensibilityGlobals) = postSolution
		SolutionGuid = {31216C78-6093-4BEA-8FF5-534674295275}
	EndGlobalSection
EndGlobal
